
Microsoft Visual Studio Solution File, Format Version 12.00
# Visual Studio 15
VisualStudioVersion = 15.0.27130.2010
MinimumVisualStudioVersion = 10.0.40219.1
Project("{FAE04EC0-301F-11D3-BF4B-00C04F79EFBC}") = "Producer", "Producer\Producer.csproj", "{8360E823-AB37-433D-A70A-A45C57FB23BE}"
EndProject
Project("{FAE04EC0-301F-11D3-BF4B-00C04F79EFBC}") = "Consumer", "Consumer\Consumer.csproj", "{46CD8154-C1E2-47B2-9A02-3AA0B7DC8CAB}"
EndProject
Project("{FAE04EC0-301F-11D3-BF4B-00C04F79EFBC}") = "MultispeakCore", "MultispeakCore\MultispeakCore.csproj", "{6F5E2EB3-678A-493B-BA28-88F9F87562C5}"
EndProject
Global
	GlobalSection(SolutionConfigurationPlatforms) = preSolution
		Debug|Any CPU = Debug|Any CPU
		Release|Any CPU = Release|Any CPU
	EndGlobalSection
	GlobalSection(ProjectConfigurationPlatforms) = postSolution
		{8360E823-AB37-433D-A70A-A45C57FB23BE}.Debug|Any CPU.ActiveCfg = Debug|Any CPU
		{8360E823-AB37-433D-A70A-A45C57FB23BE}.Debug|Any CPU.Build.0 = Debug|Any CPU
		{8360E823-AB37-433D-A70A-A45C57FB23BE}.Release|Any CPU.ActiveCfg = Release|Any CPU
		{8360E823-AB37-433D-A70A-A45C57FB23BE}.Release|Any CPU.Build.0 = Release|Any CPU
		{46CD8154-C1E2-47B2-9A02-3AA0B7DC8CAB}.Debug|Any CPU.ActiveCfg = Debug|Any CPU
		{46CD8154-C1E2-47B2-9A02-3AA0B7DC8CAB}.Debug|Any CPU.Build.0 = Debug|Any CPU
		{46CD8154-C1E2-47B2-9A02-3AA0B7DC8CAB}.Release|Any CPU.ActiveCfg = Release|Any CPU
		{46CD8154-C1E2-47B2-9A02-3AA0B7DC8CAB}.Release|Any CPU.Build.0 = Release|Any CPU
		{6F5E2EB3-678A-493B-BA28-88F9F87562C5}.Debug|Any CPU.ActiveCfg = Debug|Any CPU
		{6F5E2EB3-678A-493B-BA28-88F9F87562C5}.Debug|Any CPU.Build.0 = Debug|Any CPU
		{6F5E2EB3-678A-493B-BA28-88F9F87562C5}.Release|Any CPU.ActiveCfg = Release|Any CPU
		{6F5E2EB3-678A-493B-BA28-88F9F87562C5}.Release|Any CPU.Build.0 = Release|Any CPU
	EndGlobalSection
	GlobalSection(SolutionProperties) = preSolution
		HideSolutionNode = FALSE
	EndGlobalSection
	GlobalSection(ExtensibilityGlobals) = postSolution
		SolutionGuid = {33311AC8-AF49-41A0-95B2-09686F3413EA}
	EndGlobalSection
EndGlobal
